
Microsoft Visual Studio Solution File, Format Version 12.00
# Visual Studio 2013
VisualStudioVersion = 12.0.40629.0
MinimumVisualStudioVersion = 10.0.40219.1
Project("{FAE04EC0-301F-11D3-BF4B-00C04F79EFBC}") = "TodoWebApp", "TodoWebApp\TodoWebApp.csproj", "{F92FBDB1-582C-4B2B-8870-9DB8FC42B48A}"
EndProject
Project("{FAE04EC0-301F-11D3-BF4B-00C04F79EFBC}") = "TodoWebApp.Tests", "TodoWebApp.Tests\TodoWebApp.Tests.csproj", "{D2420BFF-782C-496F-869C-757A6E853BD0}"
EndProject
Global
	GlobalSection(SolutionConfigurationPlatforms) = preSolution
		Debug|Any CPU = Debug|Any CPU
		Release|Any CPU = Release|Any CPU
	EndGlobalSection
	GlobalSection(ProjectConfigurationPlatforms) = postSolution
		{F92FBDB1-582C-4B2B-8870-9DB8FC42B48A}.Debug|Any CPU.ActiveCfg = Debug|Any CPU
		{F92FBDB1-582C-4B2B-8870-9DB8FC42B48A}.Debug|Any CPU.Build.0 = Debug|Any CPU
		{F92FBDB1-582C-4B2B-8870-9DB8FC42B48A}.Release|Any CPU.ActiveCfg = Release|Any CPU
		{F92FBDB1-582C-4B2B-8870-9DB8FC42B48A}.Release|Any CPU.Build.0 = Release|Any CPU
		{D2420BFF-782C-496F-869C-757A6E853BD0}.Debug|Any CPU.ActiveCfg = Debug|Any CPU
		{D2420BFF-782C-496F-869C-757A6E853BD0}.Debug|Any CPU.Build.0 = Debug|Any CPU
		{D2420BFF-782C-496F-869C-757A6E853BD0}.Release|Any CPU.ActiveCfg = Release|Any CPU
		{D2420BFF-782C-496F-869C-757A6E853BD0}.Release|Any CPU.Build.0 = Release|Any CPU
	EndGlobalSection
	GlobalSection(SolutionProperties) = preSolution
		HideSolutionNode = FALSE
	EndGlobalSection
EndGlobal
